PODS:
  - CYLTabBarController (1.29.0):
    - CYLTabBarController/Core (= 1.29.0)
  - CYLTabBarController/Core (1.29.0)
  - DZNEmptyDataSet (1.8.1)
  - LookinServer (1.0.2)
  - Masonry (1.1.0)
  - MBProgressHUD (1.2.0)
  - MTCategoryComponent (1.2.0):
    - MTCategoryComponent/Foundation (= 1.2.0)
    - MTCategoryComponent/UIKit (= 1.2.0)
  - MTCategoryComponent/Foundation (1.2.0):
    - MTCategoryComponent/Foundation/Sources (= 1.2.0)
  - MTCategoryComponent/Foundation/Sources (1.2.0)
  - MTCategoryComponent/UIKit (1.2.0):
    - MTCategoryComponent/UIKit/UIColor (= 1.2.0)
    - MTCategoryComponent/UIKit/UIControl (= 1.2.0)
    - MTCategoryComponent/UIKit/UIImage (= 1.2.0)
    - MTCategoryComponent/UIKit/UIImageView (= 1.2.0)
    - MTCategoryComponent/UIKit/UIResponder (= 1.2.0)
    - MTCategoryComponent/UIKit/UITableView (= 1.2.0)
    - MTCategoryComponent/UIKit/UITextField (= 1.2.0)
    - MTCategoryComponent/UIKit/UIView (= 1.2.0)
    - MTCategoryComponent/UIKit/UIViewController (= 1.2.0)
  - MTCategoryComponent/UIKit/UIColor (1.2.0)
  - MTCategoryComponent/UIKit/UIControl (1.2.0)
  - MTCategoryComponent/UIKit/UIImage (1.2.0):
    - MTCategoryComponent/UIKit/UIColor
    - MTCategoryComponent/UIKit/UIView
  - MTCategoryComponent/UIKit/UIImageView (1.2.0)
  - MTCategoryComponent/UIKit/UIResponder (1.2.0)
  - MTCategoryComponent/UIKit/UITableView (1.2.0)
  - MTCategoryComponent/UIKit/UITextField (1.2.0)
  - MTCategoryComponent/UIKit/UIView (1.2.0):
    - MTCategoryComponent/UIKit/UIColor
  - MTCategoryComponent/UIKit/UIViewController (1.2.0):
    - MBProgressHUD
    - MTCategoryComponent/UIKit/UIColor
    - Toast
  - MTEmptySetComponent (1.0.0):
    - DZNEmptyDataSet
  - MTImagePickerObjC (0.1.0):
    - MTCategoryComponent
    - MTLayoutUtilityComponent
    - pop
  - MTLayoutUtilityComponent (1.0.1):
    - Masonry
    - MTLayoutUtilityComponent/MTMasConstraintMaker (= 1.0.1)
  - MTLayoutUtilityComponent/MTMasConstraintMaker (1.0.1):
    - Masonry
  - PINCache (3.0.3):
    - PINCache/Arc-exception-safe (= 3.0.3)
    - PINCache/Core (= 3.0.3)
  - PINCache/Arc-exception-safe (3.0.3):
    - PINCache/Core
  - PINCache/Core (3.0.3):
    - PINOperation (~> 1.2.1)
  - PINOperation (1.2.1)
  - PINRemoteImage/Core (3.0.3):
    - PINOperation
  - PINRemoteImage/iOS (3.0.3):
    - PINRemoteImage/Core
  - PINRemoteImage/PINCache (3.0.3):
    - PINCache (~> 3.0.3)
    - PINRemoteImage/Core
  - pop (1.0.12)
  - Texture (3.0.0):
    - Texture/AssetsLibrary (= 3.0.0)
    - Texture/Core (= 3.0.0)
    - Texture/MapKit (= 3.0.0)
    - Texture/Photos (= 3.0.0)
    - Texture/PINRemoteImage (= 3.0.0)
    - Texture/Video (= 3.0.0)
  - Texture/AssetsLibrary (3.0.0):
    - Texture/Core
  - Texture/Core (3.0.0)
  - Texture/MapKit (3.0.0):
    - Texture/Core
  - Texture/Photos (3.0.0):
    - Texture/Core
  - Texture/PINRemoteImage (3.0.0):
    - PINRemoteImage/iOS (~> 3.0.0)
    - PINRemoteImage/PINCache
    - Texture/Core
  - Texture/Video (3.0.0):
    - Texture/Core
  - Toast (4.0.0)
  - YYKit (1.0.9):
    - YYKit/no-arc (= 1.0.9)
  - YYKit/no-arc (1.0.9)

DEPENDENCIES:
  - CYLTabBarController
  - LookinServer
  - MTCategoryComponent
  - MTEmptySetComponent
  - MTImagePickerObjC
  - MTLayoutUtilityComponent
  - Texture (~> 3.0.0)
  - YYKit

SPEC REPOS:
  https://github.com/lyleLH/MTSpecs:
    - MTCategoryComponent
    - MTEmptySetComponent
    - MTImagePickerObjC
    - MTLayoutUtilityComponent
  trunk:
    - CYLTabBarController
    - DZNEmptyDataSet
    - LookinServer
    - Masonry
    - MBProgressHUD
    - PINCache
    - PINOperation
    - PINRemoteImage
    - pop
    - Texture
    - Toast
    - YYKit

SPEC CHECKSUMS:
  CYLTabBarController: f5460b8446f82d016945d4d53895a1ef185b79e3
  DZNEmptyDataSet: 9525833b9e68ac21c30253e1d3d7076cc828eaa7
  LookinServer: d6874df8b58096c8d463817b6baaa3abc21d31f7
  Masonry: 678fab65091a9290e40e2832a55e7ab731aad201
  MBProgressHUD: 3ee5efcc380f6a79a7cc9b363dd669c5e1ae7406
  MTCategoryComponent: d90653035bd2c6f7da188f9b4a34b8e3ad845e40
  MTEmptySetComponent: 947e05040cf873031884130e4c5239b74f5060b7
  MTImagePickerObjC: 115fd312d63d791bfde021fd93a5f51970db819b
  MTLayoutUtilityComponent: fd2d96fd8e3c3214b595f32b5e2fb7aceab61336
  PINCache: 7a8fc1a691173d21dbddbf86cd515de6efa55086
  PINOperation: 00c935935f1e8cf0d1e2d6b542e75b88fc3e5e20
  PINRemoteImage: f1295b29f8c5e640e25335a1b2bd9d805171bd01
  pop: d582054913807fd11fd50bfe6a539d91c7e1a55a
  Texture: 2f109e937850d94d1d07232041c9c7313ccddb81
  Toast: 91b396c56ee72a5790816f40d3a94dd357abc196
  YYKit: 7cda43304a8dc3696c449041e2cb3107b4e236e7

PODFILE CHECKSUM: 71e07b1c7e0c640360d427d0e4daed55d4ff97f4

COCOAPODS: 1.9.3
